{
  "name": "CodeMirror-Juri",
  "lockfileVersion": 2,
  "requires": true,
  "packages": {
    "": {
      "dependencies": {
        "@codemirror/autocomplete": "^0.19.14",
        "@codemirror/highlight": "^0.19.7",
        "@codemirror/language": "^0.19.8",
        "@lezer/generator": "^0.15.4"
      }
    },
    "node_modules/@codemirror/autocomplete": {
      "version": "0.19.14",
      "resolved": "https://registry.npmjs.org/@codemirror/autocomplete/-/autocomplete-0.19.14.tgz",
      "integrity": "sha512-4PqJG7GGTePc+FQF387RFebDV4ERvKj23gQBmzNtu64ZSHlYEGulwP5EIIfulBiaWEmei9TYVaMFmTdNfofpRQ==",
      "license": "MIT",
      "dependencies": {
        "@codemirror/language": "^0.19.0",
        "@codemirror/state": "^0.19.4",
        "@codemirror/text": "^0.19.2",
        "@codemirror/tooltip": "^0.19.12",
        "@codemirror/view": "^0.19.0",
        "@lezer/common": "^0.15.0"
      }
    },
    "node_modules/@codemirror/highlight": {
      "version": "0.19.7",
      "resolved": "https://registry.npmjs.org/@codemirror/highlight/-/highlight-0.19.7.tgz",
      "integrity": "sha512-3W32hBCY0pbbv/xidismw+RDMKuIag+fo4kZIbD7WoRj+Ttcaxjf+vP6RttRHXLaaqbWh031lTeON8kMlDhMYw==",
      "license": "MIT",
      "dependencies": {
        "@codemirror/language": "^0.19.0",
        "@codemirror/rangeset": "^0.19.0",
        "@codemirror/state": "^0.19.3",
        "@codemirror/view": "^0.19.0",
        "@lezer/common": "^0.15.0",
        "style-mod": "^4.0.0"
      }
    },
    "node_modules/@codemirror/language": {
      "version": "0.19.8",
      "resolved": "https://registry.npmjs.org/@codemirror/language/-/language-0.19.8.tgz",
      "integrity": "sha512-KhRne8qmzSKkaw+qhkwgNsPKxmThlyeJ3umfc33B9kJzVP7xhTkwX2MEPl0almM3brxMi+lPYx7gCPOy1gHsWw==",
      "license": "MIT",
      "dependencies": {
        "@codemirror/state": "^0.19.0",
        "@codemirror/text": "^0.19.0",
        "@codemirror/view": "^0.19.0",
        "@lezer/common": "^0.15.5",
        "@lezer/lr": "^0.15.0"
      }
    },
    "node_modules/@codemirror/rangeset": {
      "version": "0.19.9",
      "resolved": "https://registry.npmjs.org/@codemirror/rangeset/-/rangeset-0.19.9.tgz",
      "integrity": "sha512-V8YUuOvK+ew87Xem+71nKcqu1SXd5QROMRLMS/ljT5/3MCxtgrRie1Cvild0G/Z2f1fpWxzX78V0U4jjXBorBQ==",
      "license": "MIT",
      "dependencies": {
        "@codemirror/state": "^0.19.0"
      }
    },
    "node_modules/@codemirror/state": {
      "version": "0.19.9",
      "resolved": "https://registry.npmjs.org/@codemirror/state/-/state-0.19.9.tgz",
      "integrity": "sha512-psOzDolKTZkx4CgUqhBQ8T8gBc0xN5z4gzed109aF6x7D7umpDRoimacI/O6d9UGuyl4eYuDCZmDFr2Rq7aGOw==",
      "license": "MIT",
      "dependencies": {
        "@codemirror/text": "^0.19.0"
      }
    },
    "node_modules/@codemirror/text": {
      "version": "0.19.6",
      "resolved": "https://registry.npmjs.org/@codemirror/text/-/text-0.19.6.tgz",
      "integrity": "sha512-T9jnREMIygx+TPC1bOuepz18maGq/92q2a+n4qTqObKwvNMg+8cMTslb8yxeEDEq7S3kpgGWxgO1UWbQRij0dA==",
      "license": "MIT"
    },
    "node_modules/@codemirror/tooltip": {
      "version": "0.19.16",
      "resolved": "https://registry.npmjs.org/@codemirror/tooltip/-/tooltip-0.19.16.tgz",
      "integrity": "sha512-zxKDHryUV5/RS45AQL+wOeN+i7/l81wK56OMnUPoTSzCWNITfxHn7BToDsjtrRKbzHqUxKYmBnn/4hPjpZ4WJQ==",
      "license": "MIT",
      "dependencies": {
        "@codemirror/state": "^0.19.0",
        "@codemirror/view": "^0.19.0"
      }
    },
    "node_modules/@codemirror/view": {
      "version": "0.19.47",
      "resolved": "https://registry.npmjs.org/@codemirror/view/-/view-0.19.47.tgz",
      "integrity": "sha512-SfbagKvJQl5dtt+9wYpo9sa3ZkMgUxTq+/hXDf0KVwIx+zu3cJIqfEm9xSx6yXkq7it7RsPGHaPasApNffF/8g==",
      "license": "MIT",
      "dependencies": {
        "@codemirror/rangeset": "^0.19.5",
        "@codemirror/state": "^0.19.3",
        "@codemirror/text": "^0.19.0",
        "style-mod": "^4.0.0",
        "w3c-keyname": "^2.2.4"
      }
    },
    "node_modules/@lezer/common": {
      "version": "0.15.12",
      "resolved": "https://registry.npmjs.org/@lezer/common/-/common-0.15.12.tgz",
      "integrity": "sha512-edfwCxNLnzq5pBA/yaIhwJ3U3Kz8VAUOTRg0hhxaizaI1N+qxV7EXDv/kLCkLeq2RzSFvxexlaj5Mzfn2kY0Ig==",
      "license": "MIT"
    },
    "node_modules/@lezer/generator": {
      "version": "0.15.4",
      "resolved": "https://registry.npmjs.org/@lezer/generator/-/generator-0.15.4.tgz",
      "integrity": "sha512-9bBwU2TzKMBQ6OCEDevuMNWGOBKlkq5YIGEhjrz9pb3MLb+oYYR4dVFZ7ehwLcDoSecsSA7PdlAy0thJO5pt2w==",
      "dependencies": {
        "@lezer/common": "^0.15.0",
        "@lezer/lr": "^0.15.0"
      },
      "bin": {
        "lezer-generator": "dist/lezer-generator.cjs"
      }
    },
    "node_modules/@lezer/lr": {
      "version": "0.15.8",
      "resolved": "https://registry.npmjs.org/@lezer/lr/-/lr-0.15.8.tgz",
      "integrity": "sha512-bM6oE6VQZ6hIFxDNKk8bKPa14hqFrV07J/vHGOeiAbJReIaQXmkVb6xQu4MR+JBTLa5arGRyAAjJe1qaQt3Uvg==",
      "license": "MIT",
      "dependencies": {
        "@lezer/common": "^0.15.0"
      }
    },
    "node_modules/style-mod": {
      "version": "4.0.0",
      "resolved": "https://registry.npmjs.org/style-mod/-/style-mod-4.0.0.tgz",
      "integrity": "sha512-OPhtyEjyyN9x3nhPsu76f52yUGXiZcgvsrFVtvTkyGRQJ0XK+GPc6ov1z+lRpbeabka+MYEQxOYRnt5nF30aMw==",
      "license": "MIT"
    },
    "node_modules/w3c-keyname": {
      "version": "2.2.4",
      "resolved": "https://registry.npmjs.org/w3c-keyname/-/w3c-keyname-2.2.4.tgz",
      "integrity": "sha512-tOhfEwEzFLJzf6d1ZPkYfGj+FWhIpBux9ppoP3rlclw3Z0BZv3N7b7030Z1kYth+6rDuAsXUFr+d0VE6Ed1ikw==",
      "license": "MIT"
    }
  },
  "dependencies": {
    "@codemirror/autocomplete": {
      "version": "0.19.14",
      "resolved": "https://registry.npmjs.org/@codemirror/autocomplete/-/autocomplete-0.19.14.tgz",
      "integrity": "sha512-4PqJG7GGTePc+FQF387RFebDV4ERvKj23gQBmzNtu64ZSHlYEGulwP5EIIfulBiaWEmei9TYVaMFmTdNfofpRQ==",
      "requires": {
        "@codemirror/language": "^0.19.0",
        "@codemirror/state": "^0.19.4",
        "@codemirror/text": "^0.19.2",
        "@codemirror/tooltip": "^0.19.12",
        "@codemirror/view": "^0.19.0",
        "@lezer/common": "^0.15.0"
      }
    },
    "@codemirror/highlight": {
      "version": "0.19.7",
      "resolved": "https://registry.npmjs.org/@codemirror/highlight/-/highlight-0.19.7.tgz",
      "integrity": "sha512-3W32hBCY0pbbv/xidismw+RDMKuIag+fo4kZIbD7WoRj+Ttcaxjf+vP6RttRHXLaaqbWh031lTeON8kMlDhMYw==",
      "requires": {
        "@codemirror/language": "^0.19.0",
        "@codemirror/rangeset": "^0.19.0",
        "@codemirror/state": "^0.19.3",
        "@codemirror/view": "^0.19.0",
        "@lezer/common": "^0.15.0",
        "style-mod": "^4.0.0"
      }
    },
    "@codemirror/language": {
      "version": "0.19.8",
      "resolved": "https://registry.npmjs.org/@codemirror/language/-/language-0.19.8.tgz",
      "integrity": "sha512-KhRne8qmzSKkaw+qhkwgNsPKxmThlyeJ3umfc33B9kJzVP7xhTkwX2MEPl0almM3brxMi+lPYx7gCPOy1gHsWw==",
      "requires": {
        "@codemirror/state": "^0.19.0",
        "@codemirror/text": "^0.19.0",
        "@codemirror/view": "^0.19.0",
        "@lezer/common": "^0.15.5",
        "@lezer/lr": "^0.15.0"
      }
    },
    "@codemirror/rangeset": {
      "version": "0.19.9",
      "resolved": "https://registry.npmjs.org/@codemirror/rangeset/-/rangeset-0.19.9.tgz",
      "integrity": "sha512-V8YUuOvK+ew87Xem+71nKcqu1SXd5QROMRLMS/ljT5/3MCxtgrRie1Cvild0G/Z2f1fpWxzX78V0U4jjXBorBQ==",
      "requires": {
        "@codemirror/state": "^0.19.0"
      }
    },
    "@codemirror/state": {
      "version": "0.19.9",
      "resolved": "https://registry.npmjs.org/@codemirror/state/-/state-0.19.9.tgz",
      "integrity": "sha512-psOzDolKTZkx4CgUqhBQ8T8gBc0xN5z4gzed109aF6x7D7umpDRoimacI/O6d9UGuyl4eYuDCZmDFr2Rq7aGOw==",
      "requires": {
        "@codemirror/text": "^0.19.0"
      }
    },
    "@codemirror/text": {
      "version": "0.19.6",
      "resolved": "https://registry.npmjs.org/@codemirror/text/-/text-0.19.6.tgz",
      "integrity": "sha512-T9jnREMIygx+TPC1bOuepz18maGq/92q2a+n4qTqObKwvNMg+8cMTslb8yxeEDEq7S3kpgGWxgO1UWbQRij0dA=="
    },
    "@codemirror/tooltip": {
      "version": "0.19.16",
      "resolved": "https://registry.npmjs.org/@codemirror/tooltip/-/tooltip-0.19.16.tgz",
      "integrity": "sha512-zxKDHryUV5/RS45AQL+wOeN+i7/l81wK56OMnUPoTSzCWNITfxHn7BToDsjtrRKbzHqUxKYmBnn/4hPjpZ4WJQ==",
      "requires": {
        "@codemirror/state": "^0.19.0",
        "@codemirror/view": "^0.19.0"
      }
    },
    "@codemirror/view": {
      "version": "0.19.47",
      "resolved": "https://registry.npmjs.org/@codemirror/view/-/view-0.19.47.tgz",
      "integrity": "sha512-SfbagKvJQl5dtt+9wYpo9sa3ZkMgUxTq+/hXDf0KVwIx+zu3cJIqfEm9xSx6yXkq7it7RsPGHaPasApNffF/8g==",
      "requires": {
        "@codemirror/rangeset": "^0.19.5",
        "@codemirror/state": "^0.19.3",
        "@codemirror/text": "^0.19.0",
        "style-mod": "^4.0.0",
        "w3c-keyname": "^2.2.4"
      }
    },
    "@lezer/common": {
      "version": "0.15.12",
      "resolved": "https://registry.npmjs.org/@lezer/common/-/common-0.15.12.tgz",
      "integrity": "sha512-edfwCxNLnzq5pBA/yaIhwJ3U3Kz8VAUOTRg0hhxaizaI1N+qxV7EXDv/kLCkLeq2RzSFvxexlaj5Mzfn2kY0Ig=="
    },
    "@lezer/generator": {
      "version": "0.15.4",
      "resolved": "https://registry.npmjs.org/@lezer/generator/-/generator-0.15.4.tgz",
      "integrity": "sha512-9bBwU2TzKMBQ6OCEDevuMNWGOBKlkq5YIGEhjrz9pb3MLb+oYYR4dVFZ7ehwLcDoSecsSA7PdlAy0thJO5pt2w==",
      "requires": {
        "@lezer/common": "^0.15.0",
        "@lezer/lr": "^0.15.0"
      }
    },
    "@lezer/lr": {
      "version": "0.15.8",
      "resolved": "https://registry.npmjs.org/@lezer/lr/-/lr-0.15.8.tgz",
      "integrity": "sha512-bM6oE6VQZ6hIFxDNKk8bKPa14hqFrV07J/vHGOeiAbJReIaQXmkVb6xQu4MR+JBTLa5arGRyAAjJe1qaQt3Uvg==",
      "requires": {
        "@lezer/common": "^0.15.0"
      }
    },
    "style-mod": {
      "version": "4.0.0",
      "resolved": "https://registry.npmjs.org/style-mod/-/style-mod-4.0.0.tgz",
      "integrity": "sha512-OPhtyEjyyN9x3nhPsu76f52yUGXiZcgvsrFVtvTkyGRQJ0XK+GPc6ov1z+lRpbeabka+MYEQxOYRnt5nF30aMw=="
    },
    "w3c-keyname": {
      "version": "2.2.4",
      "resolved": "https://registry.npmjs.org/w3c-keyname/-/w3c-keyname-2.2.4.tgz",
      "integrity": "sha512-tOhfEwEzFLJzf6d1ZPkYfGj+FWhIpBux9ppoP3rlclw3Z0BZv3N7b7030Z1kYth+6rDuAsXUFr+d0VE6Ed1ikw=="
    }
  }
}
